
Microsoft Visual Studio Solution File, Format Version 12.00
# Visual Studio 15
VisualStudioVersion = 15.0.26403.7
MinimumVisualStudioVersion = 10.0.40219.1
Project("{FAE04EC0-301F-11D3-BF4B-00C04F79EFBC}") = "ConsoleProgram", "src\Console\ConsoleProgram.csproj", "{2B0A2DB5-5618-4677-BD52-5E021010C404}"
EndProject
Project("{FAE04EC0-301F-11D3-BF4B-00C04F79EFBC}") = "Database", "src\Database\Database.csproj", "{F6CB45DD-5EC1-41EE-9725-31E7195EBCB4}"
EndProject
Global
	GlobalSection(SolutionConfigurationPlatforms) = preSolution
		Debug|Any CPU = Debug|Any CPU
		Release|Any CPU = Release|Any CPU
	EndGlobalSection
	GlobalSection(ProjectConfigurationPlatforms) = postSolution
		{2B0A2DB5-5618-4677-BD52-5E021010C404}.Debug|Any CPU.ActiveCfg = Debug|Any CPU
		{2B0A2DB5-5618-4677-BD52-5E021010C404}.Debug|Any CPU.Build.0 = Debug|Any CPU
		{2B0A2DB5-5618-4677-BD52-5E021010C404}.Release|Any CPU.ActiveCfg = Release|Any CPU
		{2B0A2DB5-5618-4677-BD52-5E021010C404}.Release|Any CPU.Build.0 = Release|Any CPU
		{F6CB45DD-5EC1-41EE-9725-31E7195EBCB4}.Debug|Any CPU.ActiveCfg = Debug|Any CPU
		{F6CB45DD-5EC1-41EE-9725-31E7195EBCB4}.Debug|Any CPU.Build.0 = Debug|Any CPU
		{F6CB45DD-5EC1-41EE-9725-31E7195EBCB4}.Release|Any CPU.ActiveCfg = Release|Any CPU
		{F6CB45DD-5EC1-41EE-9725-31E7195EBCB4}.Release|Any CPU.Build.0 = Release|Any CPU
	EndGlobalSection
	GlobalSection(SolutionProperties) = preSolution
		HideSolutionNode = FALSE
	EndGlobalSection
EndGlobal
